
Microsoft Visual Studio Solution File, Format Version 12.00
# Visual Studio Version 17
VisualStudioVersion = 17.4.33213.308
MinimumVisualStudioVersion = 15.0.26124.0
Project("{9A19103F-16F7-4668-BE54-9A1E7A4F7556}") = "CloudInfrastructure", "CloudInfrastructure\CloudInfrastructure.csproj", "{7136E721-2BDA-45AD-88C2-D4E028357616}"
EndProject
Global
	GlobalSection(SolutionConfigurationPlatforms) = preSolution
		Debug|Any CPU = Debug|Any CPU
		Debug|x64 = Debug|x64
		Debug|x86 = Debug|x86
		Release|Any CPU = Release|Any CPU
		Release|x64 = Release|x64
		Release|x86 = Release|x86
	EndGlobalSection
	GlobalSection(ProjectConfigurationPlatforms) = postSolution
		{7136E721-2BDA-45AD-88C2-D4E028357616}.Debug|Any CPU.ActiveCfg = Debug|Any CPU
		{7136E721-2BDA-45AD-88C2-D4E028357616}.Debug|Any CPU.Build.0 = Debug|Any CPU
		{7136E721-2BDA-45AD-88C2-D4E028357616}.Debug|x64.ActiveCfg = Debug|Any CPU
		{7136E721-2BDA-45AD-88C2-D4E028357616}.Debug|x64.Build.0 = Debug|Any CPU
		{7136E721-2BDA-45AD-88C2-D4E028357616}.Debug|x86.ActiveCfg = Debug|Any CPU
		{7136E721-2BDA-45AD-88C2-D4E028357616}.Debug|x86.Build.0 = Debug|Any CPU
		{7136E721-2BDA-45AD-88C2-D4E028357616}.Release|Any CPU.ActiveCfg = Release|Any CPU
		{7136E721-2BDA-45AD-88C2-D4E028357616}.Release|Any CPU.Build.0 = Release|Any CPU
		{7136E721-2BDA-45AD-88C2-D4E028357616}.Release|x64.ActiveCfg = Release|Any CPU
		{7136E721-2BDA-45AD-88C2-D4E028357616}.Release|x64.Build.0 = Release|Any CPU
		{7136E721-2BDA-45AD-88C2-D4E028357616}.Release|x86.ActiveCfg = Release|Any CPU
		{7136E721-2BDA-45AD-88C2-D4E028357616}.Release|x86.Build.0 = Release|Any CPU
	EndGlobalSection
	GlobalSection(SolutionProperties) = preSolution
		HideSolutionNode = FALSE
	EndGlobalSection
	GlobalSection(ExtensibilityGlobals) = postSolution
		SolutionGuid = {C2045470-BF3E-4CED-A69F-5DB46F75AB37}
	EndGlobalSection
EndGlobal
